
Microsoft Visual Studio Solution File, Format Version 12.00
# Visual Studio Version 17
VisualStudioVersion = 17.7.34202.233
MinimumVisualStudioVersion = 10.0.40219.1
Project("{FAE04EC0-301F-11D3-BF4B-00C04F79EFBC}") = "Laba2", "Laba2\Laba2.csproj", "{4F2298C8-78D2-4263-95FF-20137CBA3A06}"
EndProject
Global
	GlobalSection(SolutionConfigurationPlatforms) = preSolution
		Debug|Any CPU = Debug|Any CPU
		Release|Any CPU = Release|Any CPU
	EndGlobalSection
	GlobalSection(ProjectConfigurationPlatforms) = postSolution
		{4F2298C8-78D2-4263-95FF-20137CBA3A06}.Debug|Any CPU.ActiveCfg = Debug|Any CPU
		{4F2298C8-78D2-4263-95FF-20137CBA3A06}.Debug|Any CPU.Build.0 = Debug|Any CPU
		{4F2298C8-78D2-4263-95FF-20137CBA3A06}.Release|Any CPU.ActiveCfg = Release|Any CPU
		{4F2298C8-78D2-4263-95FF-20137CBA3A06}.Release|Any CPU.Build.0 = Release|Any CPU
	EndGlobalSection
	GlobalSection(SolutionProperties) = preSolution
		HideSolutionNode = FALSE
	EndGlobalSection
	GlobalSection(ExtensibilityGlobals) = postSolution
		SolutionGuid = {DAEA6243-96B0-4D1A-91D3-1C0A1A2FD9B6}
	EndGlobalSection
EndGlobal
